
Microsoft Visual Studio Solution File, Format Version 12.00
# Visual Studio Version 16
VisualStudioVersion = 16.0.31019.35
MinimumVisualStudioVersion = 10.0.40219.1
Project("{FAE04EC0-301F-11D3-BF4B-00C04F79EFBC}") = "CookieAuthorizeDemo", "CookieAuthorizeDemo\CookieAuthorizeDemo.csproj", "{BB31EFD0-8B85-4D3D-B420-9B9CC8EEF54C}"
EndProject
Global
	GlobalSection(SolutionConfigurationPlatforms) = preSolution
		Debug|Any CPU = Debug|Any CPU
		Release|Any CPU = Release|Any CPU
	EndGlobalSection
	GlobalSection(ProjectConfigurationPlatforms) = postSolution
		{BB31EFD0-8B85-4D3D-B420-9B9CC8EEF54C}.Debug|Any CPU.ActiveCfg = Debug|Any CPU
		{BB31EFD0-8B85-4D3D-B420-9B9CC8EEF54C}.Debug|Any CPU.Build.0 = Debug|Any CPU
		{BB31EFD0-8B85-4D3D-B420-9B9CC8EEF54C}.Release|Any CPU.ActiveCfg = Release|Any CPU
		{BB31EFD0-8B85-4D3D-B420-9B9CC8EEF54C}.Release|Any CPU.Build.0 = Release|Any CPU
	EndGlobalSection
	GlobalSection(SolutionProperties) = preSolution
		HideSolutionNode = FALSE
	EndGlobalSection
	GlobalSection(ExtensibilityGlobals) = postSolution
		SolutionGuid = {EA4610CC-3858-427C-9DDC-0BB418969581}
	EndGlobalSection
EndGlobal
